
Microsoft Visual Studio Solution File, Format Version 12.00
# Visual Studio 15
VisualStudioVersion = 15.0.27130.2024
MinimumVisualStudioVersion = 10.0.40219.1
Project("{FAE04EC0-301F-11D3-BF4B-00C04F79EFBC}") = "Akhn_8", "Akhn_8\Akhn_8.csproj", "{164329AE-ABEE-43FA-AE82-1773FDBD177D}"
EndProject
Global
	GlobalSection(SolutionConfigurationPlatforms) = preSolution
		Debug|Any CPU = Debug|Any CPU
		Release|Any CPU = Release|Any CPU
	EndGlobalSection
	GlobalSection(ProjectConfigurationPlatforms) = postSolution
		{164329AE-ABEE-43FA-AE82-1773FDBD177D}.Debug|Any CPU.ActiveCfg = Debug|Any CPU
		{164329AE-ABEE-43FA-AE82-1773FDBD177D}.Debug|Any CPU.Build.0 = Debug|Any CPU
		{164329AE-ABEE-43FA-AE82-1773FDBD177D}.Release|Any CPU.ActiveCfg = Release|Any CPU
		{164329AE-ABEE-43FA-AE82-1773FDBD177D}.Release|Any CPU.Build.0 = Release|Any CPU
	EndGlobalSection
	GlobalSection(SolutionProperties) = preSolution
		HideSolutionNode = FALSE
	EndGlobalSection
	GlobalSection(ExtensibilityGlobals) = postSolution
		SolutionGuid = {BED7A520-FCFE-45DD-ABC0-4B2953CA34C3}
	EndGlobalSection
EndGlobal
